# THIS IS AN AUTOGENERATED FILE. DO NOT EDIT THIS FILE DIRECTLY.
# yarn lockfile v1


child_process@^1.0.2:
  version "1.0.2"
  resolved "https://registry.yarnpkg.com/child_process/-/child_process-1.0.2.tgz#b1f7e7fc73d25e7fd1d455adc94e143830182b5a"
  integrity sha1-sffn/HPSXn/R1FWtyU4UODAYK1o=

nan@2.14.*:
  version "2.14.2"
  resolved "https://registry.yarnpkg.com/nan/-/nan-2.14.2.tgz#f5376400695168f4cc694ac9393d0c9585eeea19"
  integrity sha512-M2ufzIiINKCuDfBSAUr1vWQ+vuVcA9kqx8JJUsbQi6yf1uGRyb7HfpdfUr5qLXf3B/t8dPvcjhKMmlfnP47EzQ==

net-ping@^1.2.3:
  version "1.2.3"
  resolved "https://registry.yarnpkg.com/net-ping/-/net-ping-1.2.3.tgz#c4dd248f6e3d8d73db6928002106bb71ceae4a40"
  integrity sha512-ZKxj/kVPKL2RIsV9nR6I8nMT8Pi3k6ciTBKxD/6gd5lga9qcNmlyqNv+dbXqYGBvHsmG9yIpsfajr8X054x2fQ==
  dependencies:
    raw-socket "*"

raw-socket@*:
  version "1.7.0"
  resolved "https://registry.yarnpkg.com/raw-socket/-/raw-socket-1.7.0.tgz#cd0bcc3da52450dcb6b9efe7a6d0890bf1aaf9db"
  integrity sha512-mXqWihgwaFNmV5le0dWk5o+03M3A2zBIkC9BNaE6R0CJN9eYot++j2FIqgNSDq6/Vmu32PPI155SiiWNV2yyFQ==
  dependencies:
    nan "2.14.*"

sys@^0.0.1:
  version "0.0.1"
  resolved "https://registry.yarnpkg.com/sys/-/sys-0.0.1.tgz#3480cc695714905b7abce50a55a5a3985997e619"
  integrity sha1-NIDMaVcUkFt6vOUKVaWjmFmX5hk=
